
Microsoft Visual Studio Solution File, Format Version 12.00
# Visual Studio Version 17
VisualStudioVersion = 17.4.33205.214
MinimumVisualStudioVersion = 10.0.40219.1
Project("{FAE04EC0-301F-11D3-BF4B-00C04F79EFBC}") = "DoctorWho", "DoctorWho\DoctorWho.csproj", "{0E4D935D-FD68-4207-9B01-9CB7234D4D1E}"
EndProject
Global
	GlobalSection(SolutionConfigurationPlatforms) = preSolution
		Debug|Any CPU = Debug|Any CPU
		Release|Any CPU = Release|Any CPU
	EndGlobalSection
	GlobalSection(ProjectConfigurationPlatforms) = postSolution
		{0E4D935D-FD68-4207-9B01-9CB7234D4D1E}.Debug|Any CPU.ActiveCfg = Debug|Any CPU
		{0E4D935D-FD68-4207-9B01-9CB7234D4D1E}.Debug|Any CPU.Build.0 = Debug|Any CPU
		{0E4D935D-FD68-4207-9B01-9CB7234D4D1E}.Release|Any CPU.ActiveCfg = Release|Any CPU
		{0E4D935D-FD68-4207-9B01-9CB7234D4D1E}.Release|Any CPU.Build.0 = Release|Any CPU
	EndGlobalSection
	GlobalSection(SolutionProperties) = preSolution
		HideSolutionNode = FALSE
	EndGlobalSection
	GlobalSection(ExtensibilityGlobals) = postSolution
		SolutionGuid = {E54A326A-8655-4B2C-BC59-0E8B58D57432}
	EndGlobalSection
EndGlobal
